{
  "name": "blueprintr-cli",
  "version": "1.0.7",
  "lockfileVersion": 3,
  "requires": true,
  "packages": {
    "": {
      "name": "blueprintr-cli",
      "version": "1.0.7",
      "license": "MIT",
      "bin": {
        "blueprintr": "bin/index.js",
        "blueprintr-cli": "bin/index.js"
      }
    }
  }
}
